
Microsoft Visual Studio Solution File, Format Version 12.00
# Visual Studio 15
VisualStudioVersion = 15.0.28307.1800
MinimumVisualStudioVersion = 10.0.40219.1
Project("{8BC9CEB8-8B4A-11D0-8D11-00A0C91BC942}") = "DesignMode", "DesignMode\DesignMode.vcxproj", "{97A1647B-9A64-4CEA-92B7-B5EA5FA77ADE}"
EndProject
Global
	GlobalSection(SolutionConfigurationPlatforms) = preSolution
		Debug|x64 = Debug|x64
		Release|x64 = Release|x64
	EndGlobalSection
	GlobalSection(ProjectConfigurationPlatforms) = postSolution
		{97A1647B-9A64-4CEA-92B7-B5EA5FA77ADE}.Debug|x64.ActiveCfg = Debug|x64
		{97A1647B-9A64-4CEA-92B7-B5EA5FA77ADE}.Debug|x64.Build.0 = Debug|x64
		{97A1647B-9A64-4CEA-92B7-B5EA5FA77ADE}.Release|x64.ActiveCfg = Release|x64
		{97A1647B-9A64-4CEA-92B7-B5EA5FA77ADE}.Release|x64.Build.0 = Release|x64
	EndGlobalSection
	GlobalSection(SolutionProperties) = preSolution
		HideSolutionNode = FALSE
	EndGlobalSection
	GlobalSection(ExtensibilityGlobals) = postSolution
		SolutionGuid = {DB2AD9F4-21CA-4D5A-B842-6911117BDE9D}
	EndGlobalSection
EndGlobal
